
Microsoft Visual Studio Solution File, Format Version 12.00
# Visual Studio Version 16
VisualStudioVersion = 16.0.32407.337
MinimumVisualStudioVersion = 10.0.40219.1
Project("{8BC9CEB8-8B4A-11D0-8D11-00A0C91BC942}") = "lab3.1(oop)", "lab3.1(oop).vcxproj", "{9E0A5450-EDC0-4BE9-B0D4-C686556AF0B5}"
EndProject
Project("{8BC9CEB8-8B4A-11D0-8D11-00A0C91BC942}") = "UnitTest1", "..\UnitTest1\UnitTest1.vcxproj", "{A7778FAB-197D-46E8-887B-7CD04D51645F}"
EndProject
Global
	GlobalSection(SolutionConfigurationPlatforms) = preSolution
		Debug|x64 = Debug|x64
		Debug|x86 = Debug|x86
		Release|x64 = Release|x64
		Release|x86 = Release|x86
	EndGlobalSection
	GlobalSection(ProjectConfigurationPlatforms) = postSolution
		{9E0A5450-EDC0-4BE9-B0D4-C686556AF0B5}.Debug|x64.ActiveCfg = Debug|x64
		{9E0A5450-EDC0-4BE9-B0D4-C686556AF0B5}.Debug|x64.Build.0 = Debug|x64
		{9E0A5450-EDC0-4BE9-B0D4-C686556AF0B5}.Debug|x86.ActiveCfg = Debug|Win32
		{9E0A5450-EDC0-4BE9-B0D4-C686556AF0B5}.Debug|x86.Build.0 = Debug|Win32
		{9E0A5450-EDC0-4BE9-B0D4-C686556AF0B5}.Release|x64.ActiveCfg = Release|x64
		{9E0A5450-EDC0-4BE9-B0D4-C686556AF0B5}.Release|x64.Build.0 = Release|x64
		{9E0A5450-EDC0-4BE9-B0D4-C686556AF0B5}.Release|x86.ActiveCfg = Release|Win32
		{9E0A5450-EDC0-4BE9-B0D4-C686556AF0B5}.Release|x86.Build.0 = Release|Win32
		{A7778FAB-197D-46E8-887B-7CD04D51645F}.Debug|x64.ActiveCfg = Debug|x64
		{A7778FAB-197D-46E8-887B-7CD04D51645F}.Debug|x64.Build.0 = Debug|x64
		{A7778FAB-197D-46E8-887B-7CD04D51645F}.Debug|x86.ActiveCfg = Debug|Win32
		{A7778FAB-197D-46E8-887B-7CD04D51645F}.Debug|x86.Build.0 = Debug|Win32
		{A7778FAB-197D-46E8-887B-7CD04D51645F}.Release|x64.ActiveCfg = Release|x64
		{A7778FAB-197D-46E8-887B-7CD04D51645F}.Release|x64.Build.0 = Release|x64
		{A7778FAB-197D-46E8-887B-7CD04D51645F}.Release|x86.ActiveCfg = Release|Win32
		{A7778FAB-197D-46E8-887B-7CD04D51645F}.Release|x86.Build.0 = Release|Win32
	EndGlobalSection
	GlobalSection(SolutionProperties) = preSolution
		HideSolutionNode = FALSE
	EndGlobalSection
	GlobalSection(ExtensibilityGlobals) = postSolution
		SolutionGuid = {0ADC34CE-B6CF-44D8-9EBD-D8D8BB5EA89C}
	EndGlobalSection
EndGlobal
